PODS:
  - UMCommon (7.3.8):
    - UMDevice
  - UMDevice (2.2.1)

DEPENDENCIES:
  - UMCommon
  - UMDevice

SPEC REPOS:
  trunk:
    - UMCommon
    - UMDevice

SPEC CHECKSUMS:
  UMCommon: fdb5bac9e7ec2aca4f9cfc0febf414b59ed302cb
  UMDevice: 053478c4b4d7292f31f0a275c227d3c4007a5571

PODFILE CHECKSUM: 09a5b51f7700961d4c0490aba1ddc90f96db3c45

COCOAPODS: 1.11.3
